
Microsoft Visual Studio Solution File, Format Version 12.00
# Visual Studio Version 17
VisualStudioVersion = 17.1.32421.90
MinimumVisualStudioVersion = 10.0.40219.1
Project("{FAE04EC0-301F-11D3-BF4B-00C04F79EFBC}") = "VideoGames", "VideoGames.csproj", "{C143472D-DF01-4005-92F6-26C44B0B60B3}"
EndProject
Global
	GlobalSection(SolutionConfigurationPlatforms) = preSolution
		Debug|Any CPU = Debug|Any CPU
		Release|Any CPU = Release|Any CPU
	EndGlobalSection
	GlobalSection(ProjectConfigurationPlatforms) = postSolution
		{C143472D-DF01-4005-92F6-26C44B0B60B3}.Debug|Any CPU.ActiveCfg = Debug|Any CPU
		{C143472D-DF01-4005-92F6-26C44B0B60B3}.Debug|Any CPU.Build.0 = Debug|Any CPU
		{C143472D-DF01-4005-92F6-26C44B0B60B3}.Release|Any CPU.ActiveCfg = Release|Any CPU
		{C143472D-DF01-4005-92F6-26C44B0B60B3}.Release|Any CPU.Build.0 = Release|Any CPU
	EndGlobalSection
	GlobalSection(SolutionProperties) = preSolution
		HideSolutionNode = FALSE
	EndGlobalSection
	GlobalSection(ExtensibilityGlobals) = postSolution
		SolutionGuid = {3037DE31-126E-4B60-9286-8C70A3CBE594}
	EndGlobalSection
EndGlobal
